
Microsoft Visual Studio Solution File, Format Version 12.00
# Visual Studio Version 16
VisualStudioVersion = 16.0.30413.136
MinimumVisualStudioVersion = 10.0.40219.1
Project("{FAE04EC0-301F-11D3-BF4B-00C04F79EFBC}") = "PSI", "PSI.csproj", "{21CFD48E-AC3B-4B06-BAC4-770A29041C15}"
EndProject
Project("{FAE04EC0-301F-11D3-BF4B-00C04F79EFBC}") = "Tests", "..\Tests\Tests.csproj", "{F69DF2E7-8D6D-4C1F-807E-150CB212E25D}"
EndProject
Global
	GlobalSection(SolutionConfigurationPlatforms) = preSolution
		Debug|Any CPU = Debug|Any CPU
		Release|Any CPU = Release|Any CPU
	EndGlobalSection
	GlobalSection(ProjectConfigurationPlatforms) = postSolution
		{21CFD48E-AC3B-4B06-BAC4-770A29041C15}.Debug|Any CPU.ActiveCfg = Debug|Any CPU
		{21CFD48E-AC3B-4B06-BAC4-770A29041C15}.Debug|Any CPU.Build.0 = Debug|Any CPU
		{21CFD48E-AC3B-4B06-BAC4-770A29041C15}.Release|Any CPU.ActiveCfg = Release|Any CPU
		{21CFD48E-AC3B-4B06-BAC4-770A29041C15}.Release|Any CPU.Build.0 = Release|Any CPU
		{F69DF2E7-8D6D-4C1F-807E-150CB212E25D}.Debug|Any CPU.ActiveCfg = Debug|Any CPU
		{F69DF2E7-8D6D-4C1F-807E-150CB212E25D}.Debug|Any CPU.Build.0 = Debug|Any CPU
		{F69DF2E7-8D6D-4C1F-807E-150CB212E25D}.Release|Any CPU.ActiveCfg = Release|Any CPU
		{F69DF2E7-8D6D-4C1F-807E-150CB212E25D}.Release|Any CPU.Build.0 = Release|Any CPU
	EndGlobalSection
	GlobalSection(SolutionProperties) = preSolution
		HideSolutionNode = FALSE
	EndGlobalSection
	GlobalSection(ExtensibilityGlobals) = postSolution
		SolutionGuid = {12A9785A-F061-4874-821F-E353FB6CEE65}
	EndGlobalSection
EndGlobal
